
Microsoft Visual Studio Solution File, Format Version 12.00
# Visual Studio Version 16
VisualStudioVersion = 16.0.32106.194
MinimumVisualStudioVersion = 10.0.40219.1
Project("{FAE04EC0-301F-11D3-BF4B-00C04F79EFBC}") = "MyTcpClient", "MyTcpClient\MyTcpClient.csproj", "{748AE40F-7099-45E9-A6D6-5A50143CE8A8}"
EndProject
Project("{FAE04EC0-301F-11D3-BF4B-00C04F79EFBC}") = "Test", "Test\Test.csproj", "{F9F371FB-DD6B-41E5-8308-86B47071FB08}"
	ProjectSection(ProjectDependencies) = postProject
		{748AE40F-7099-45E9-A6D6-5A50143CE8A8} = {748AE40F-7099-45E9-A6D6-5A50143CE8A8}
	EndProjectSection
EndProject
Global
	GlobalSection(SolutionConfigurationPlatforms) = preSolution
		Debug|Any CPU = Debug|Any CPU
		Release|Any CPU = Release|Any CPU
	EndGlobalSection
	GlobalSection(ProjectConfigurationPlatforms) = postSolution
		{748AE40F-7099-45E9-A6D6-5A50143CE8A8}.Debug|Any CPU.ActiveCfg = Debug|Any CPU
		{748AE40F-7099-45E9-A6D6-5A50143CE8A8}.Debug|Any CPU.Build.0 = Debug|Any CPU
		{748AE40F-7099-45E9-A6D6-5A50143CE8A8}.Release|Any CPU.ActiveCfg = Release|Any CPU
		{748AE40F-7099-45E9-A6D6-5A50143CE8A8}.Release|Any CPU.Build.0 = Release|Any CPU
		{F9F371FB-DD6B-41E5-8308-86B47071FB08}.Debug|Any CPU.ActiveCfg = Debug|Any CPU
		{F9F371FB-DD6B-41E5-8308-86B47071FB08}.Debug|Any CPU.Build.0 = Debug|Any CPU
		{F9F371FB-DD6B-41E5-8308-86B47071FB08}.Release|Any CPU.ActiveCfg = Release|Any CPU
		{F9F371FB-DD6B-41E5-8308-86B47071FB08}.Release|Any CPU.Build.0 = Release|Any CPU
	EndGlobalSection
	GlobalSection(SolutionProperties) = preSolution
		HideSolutionNode = FALSE
	EndGlobalSection
	GlobalSection(ExtensibilityGlobals) = postSolution
		SolutionGuid = {E21B12BD-BB5C-459B-9324-90B6FAADD5CF}
	EndGlobalSection
EndGlobal
